
Microsoft Visual Studio Solution File, Format Version 12.00
# Visual Studio 15
Project("{FAE04EC0-301F-11D3-BF4B-00C04F79EFBC}") = "Crest", "Crest.csproj", "{23D18E11-E5F4-C414-14B3-43F5EE167B72}"
EndProject
Project("{FAE04EC0-301F-11D3-BF4B-00C04F79EFBC}") = "Crest.Examples", "Crest.Examples.csproj", "{79450798-2A0A-2F86-3329-DEB0FEF149B2}"
EndProject
Project("{FAE04EC0-301F-11D3-BF4B-00C04F79EFBC}") = "Assembly-CSharp", "Assembly-CSharp.csproj", "{B4721F66-0C4D-7027-C772-191658C9296E}"
EndProject
Global
	GlobalSection(SolutionConfigurationPlatforms) = preSolution
		Debug|Any CPU = Debug|Any CPU
		Release|Any CPU = Release|Any CPU
	EndGlobalSection
	GlobalSection(ProjectConfigurationPlatforms) = postSolution
		{23D18E11-E5F4-C414-14B3-43F5EE167B72}.Debug|Any CPU.ActiveCfg = Debug|Any CPU
		{23D18E11-E5F4-C414-14B3-43F5EE167B72}.Debug|Any CPU.Build.0 = Debug|Any CPU
		{23D18E11-E5F4-C414-14B3-43F5EE167B72}.Release|Any CPU.ActiveCfg = Release|Any CPU
		{23D18E11-E5F4-C414-14B3-43F5EE167B72}.Release|Any CPU.Build.0 = Release|Any CPU
		{79450798-2A0A-2F86-3329-DEB0FEF149B2}.Debug|Any CPU.ActiveCfg = Debug|Any CPU
		{79450798-2A0A-2F86-3329-DEB0FEF149B2}.Debug|Any CPU.Build.0 = Debug|Any CPU
		{79450798-2A0A-2F86-3329-DEB0FEF149B2}.Release|Any CPU.ActiveCfg = Release|Any CPU
		{79450798-2A0A-2F86-3329-DEB0FEF149B2}.Release|Any CPU.Build.0 = Release|Any CPU
		{B4721F66-0C4D-7027-C772-191658C9296E}.Debug|Any CPU.ActiveCfg = Debug|Any CPU
		{B4721F66-0C4D-7027-C772-191658C9296E}.Debug|Any CPU.Build.0 = Debug|Any CPU
		{B4721F66-0C4D-7027-C772-191658C9296E}.Release|Any CPU.ActiveCfg = Release|Any CPU
		{B4721F66-0C4D-7027-C772-191658C9296E}.Release|Any CPU.Build.0 = Release|Any CPU
	EndGlobalSection
	GlobalSection(SolutionProperties) = preSolution
		HideSolutionNode = FALSE
	EndGlobalSection
EndGlobal
